
Microsoft Visual Studio Solution File, Format Version 12.00
# Visual Studio Version 17
VisualStudioVersion = 17.8.34408.163
MinimumVisualStudioVersion = 10.0.40219.1
Project("{FAE04EC0-301F-11D3-BF4B-00C04F79EFBC}") = "modul4_1302223008", "modul4_1302223008.csproj", "{1A413649-4898-4B4F-A067-5FDF1D221667}"
EndProject
Global
	GlobalSection(SolutionConfigurationPlatforms) = preSolution
		Debug|Any CPU = Debug|Any CPU
		Release|Any CPU = Release|Any CPU
	EndGlobalSection
	GlobalSection(ProjectConfigurationPlatforms) = postSolution
		{1A413649-4898-4B4F-A067-5FDF1D221667}.Debug|Any CPU.ActiveCfg = Debug|Any CPU
		{1A413649-4898-4B4F-A067-5FDF1D221667}.Debug|Any CPU.Build.0 = Debug|Any CPU
		{1A413649-4898-4B4F-A067-5FDF1D221667}.Release|Any CPU.ActiveCfg = Release|Any CPU
		{1A413649-4898-4B4F-A067-5FDF1D221667}.Release|Any CPU.Build.0 = Release|Any CPU
	EndGlobalSection
	GlobalSection(SolutionProperties) = preSolution
		HideSolutionNode = FALSE
	EndGlobalSection
	GlobalSection(ExtensibilityGlobals) = postSolution
		SolutionGuid = {5CB112A1-DAB1-4BC6-BBC5-57544B6FB7B7}
	EndGlobalSection
EndGlobal
